
Microsoft Visual Studio Solution File, Format Version 12.00
# Visual Studio 15
VisualStudioVersion = 15.0.28010.2050
MinimumVisualStudioVersion = 10.0.40219.1
Project("{8BC9CEB8-8B4A-11D0-8D11-00A0C91BC942}") = "csim", "csim\csim.vcxproj", "{62788E62-FC22-458A-AE6B-35A9B8ADCD31}"
EndProject
Global
	GlobalSection(SolutionConfigurationPlatforms) = preSolution
		Debug|x64 = Debug|x64
		Debug|x86 = Debug|x86
		Release|x64 = Release|x64
		Release|x86 = Release|x86
	EndGlobalSection
	GlobalSection(ProjectConfigurationPlatforms) = postSolution
		{62788E62-FC22-458A-AE6B-35A9B8ADCD31}.Debug|x64.ActiveCfg = Debug|x64
		{62788E62-FC22-458A-AE6B-35A9B8ADCD31}.Debug|x64.Build.0 = Debug|x64
		{62788E62-FC22-458A-AE6B-35A9B8ADCD31}.Debug|x86.ActiveCfg = Debug|Win32
		{62788E62-FC22-458A-AE6B-35A9B8ADCD31}.Debug|x86.Build.0 = Debug|Win32
		{62788E62-FC22-458A-AE6B-35A9B8ADCD31}.Release|x64.ActiveCfg = Release|x64
		{62788E62-FC22-458A-AE6B-35A9B8ADCD31}.Release|x64.Build.0 = Release|x64
		{62788E62-FC22-458A-AE6B-35A9B8ADCD31}.Release|x86.ActiveCfg = Release|Win32
		{62788E62-FC22-458A-AE6B-35A9B8ADCD31}.Release|x86.Build.0 = Release|Win32
	EndGlobalSection
	GlobalSection(SolutionProperties) = preSolution
		HideSolutionNode = FALSE
	EndGlobalSection
	GlobalSection(ExtensibilityGlobals) = postSolution
		SolutionGuid = {B6524C40-568A-4C8C-8104-3166B55FD694}
	EndGlobalSection
EndGlobal
